{
  "nodes": {
    "home-manager": {
      "inputs": {
        "nixpkgs": [
          "nixpkgs"
        ]
      },
      "locked": {
        "lastModified": 1741378606,
        "narHash": "sha256-ytDmwV93lZ1f6jswJkxEQz5cBlwje/2rH/yUZDADZNs=",
        "owner": "nix-community",
        "repo": "home-manager",
        "rev": "95711f926676018d279ba09fe7530d03b5d5b3e2",
        "type": "github"
      },
      "original": {
        "owner": "nix-community",
        "repo": "home-manager",
        "type": "github"
      }
    },
    "nixpkgs": {
      "locked": {
        "lastModified": 1741377674,
        "narHash": "sha256-nw5O1yt92rxmLo5k+PGIIIyrHp/JJdYMohYmM3+ks1s=",
        "owner": "nixos",
        "repo": "nixpkgs",
        "rev": "2fbe493988a300ca33937afa5167d1900786b271",
        "type": "github"
      },
      "original": {
        "owner": "nixos",
        "ref": "release-24.11",
        "repo": "nixpkgs",
        "type": "github"
      }
    },
    "root": {
      "inputs": {
        "home-manager": "home-manager",
        "nixpkgs": "nixpkgs"
      }
    }
  },
  "root": "root",
  "version": 7
}
